
Microsoft Visual Studio Solution File, Format Version 11.00
# Visual C++ Express 2010
Project("{8BC9CEB8-8B4A-11D0-8D11-00A0C91BC942}") = "Easy Fibonacci", "Easy Fibonacci\Easy Fibonacci.vcxproj", "{7DD18D40-36A2-4308-A089-F5181C28CBCA}"
EndProject
Global
	GlobalSection(SolutionConfigurationPlatforms) = preSolution
		Debug|Win32 = Debug|Win32
		Release|Win32 = Release|Win32
	EndGlobalSection
	GlobalSection(ProjectConfigurationPlatforms) = postSolution
		{7DD18D40-36A2-4308-A089-F5181C28CBCA}.Debug|Win32.ActiveCfg = Debug|Win32
		{7DD18D40-36A2-4308-A089-F5181C28CBCA}.Debug|Win32.Build.0 = Debug|Win32
		{7DD18D40-36A2-4308-A089-F5181C28CBCA}.Release|Win32.ActiveCfg = Release|Win32
		{7DD18D40-36A2-4308-A089-F5181C28CBCA}.Release|Win32.Build.0 = Release|Win32
	EndGlobalSection
	GlobalSection(SolutionProperties) = preSolution
		HideSolutionNode = FALSE
	EndGlobalSection
EndGlobal
