
Microsoft Visual Studio Solution File, Format Version 11.00
# Visual C++ Express 2010
Project("{8BC9CEB8-8B4A-11D0-8D11-00A0C91BC942}") = "Highest and Position", "Highest and Position\Highest and Position.vcxproj", "{5733A28F-DA6C-4934-8239-F29538485BA8}"
EndProject
Global
	GlobalSection(SolutionConfigurationPlatforms) = preSolution
		Debug|Win32 = Debug|Win32
		Release|Win32 = Release|Win32
	EndGlobalSection
	GlobalSection(ProjectConfigurationPlatforms) = postSolution
		{5733A28F-DA6C-4934-8239-F29538485BA8}.Debug|Win32.ActiveCfg = Debug|Win32
		{5733A28F-DA6C-4934-8239-F29538485BA8}.Debug|Win32.Build.0 = Debug|Win32
		{5733A28F-DA6C-4934-8239-F29538485BA8}.Release|Win32.ActiveCfg = Release|Win32
		{5733A28F-DA6C-4934-8239-F29538485BA8}.Release|Win32.Build.0 = Release|Win32
	EndGlobalSection
	GlobalSection(SolutionProperties) = preSolution
		HideSolutionNode = FALSE
	EndGlobalSection
EndGlobal
