
Microsoft Visual Studio Solution File, Format Version 11.00
# Visual C++ Express 2010
Project("{8BC9CEB8-8B4A-11D0-8D11-00A0C91BC942}") = "Sequence IJ2", "Sequence IJ2\Sequence IJ2.vcxproj", "{358DBBA9-BFC1-4E87-B5D1-A43A3FFE78CA}"
EndProject
Global
	GlobalSection(SolutionConfigurationPlatforms) = preSolution
		Debug|Win32 = Debug|Win32
		Release|Win32 = Release|Win32
	EndGlobalSection
	GlobalSection(ProjectConfigurationPlatforms) = postSolution
		{358DBBA9-BFC1-4E87-B5D1-A43A3FFE78CA}.Debug|Win32.ActiveCfg = Debug|Win32
		{358DBBA9-BFC1-4E87-B5D1-A43A3FFE78CA}.Debug|Win32.Build.0 = Debug|Win32
		{358DBBA9-BFC1-4E87-B5D1-A43A3FFE78CA}.Release|Win32.ActiveCfg = Release|Win32
		{358DBBA9-BFC1-4E87-B5D1-A43A3FFE78CA}.Release|Win32.Build.0 = Release|Win32
	EndGlobalSection
	GlobalSection(SolutionProperties) = preSolution
		HideSolutionNode = FALSE
	EndGlobalSection
EndGlobal
