
Microsoft Visual Studio Solution File, Format Version 11.00
# Visual C++ Express 2010
Project("{8BC9CEB8-8B4A-11D0-8D11-00A0C91BC942}") = "Even Square", "Even Square\Even Square.vcxproj", "{7740C48D-C996-4E46-82EC-B35AE68F9E42}"
EndProject
Global
	GlobalSection(SolutionConfigurationPlatforms) = preSolution
		Debug|Win32 = Debug|Win32
		Release|Win32 = Release|Win32
	EndGlobalSection
	GlobalSection(ProjectConfigurationPlatforms) = postSolution
		{7740C48D-C996-4E46-82EC-B35AE68F9E42}.Debug|Win32.ActiveCfg = Debug|Win32
		{7740C48D-C996-4E46-82EC-B35AE68F9E42}.Debug|Win32.Build.0 = Debug|Win32
		{7740C48D-C996-4E46-82EC-B35AE68F9E42}.Release|Win32.ActiveCfg = Release|Win32
		{7740C48D-C996-4E46-82EC-B35AE68F9E42}.Release|Win32.Build.0 = Release|Win32
	EndGlobalSection
	GlobalSection(SolutionProperties) = preSolution
		HideSolutionNode = FALSE
	EndGlobalSection
EndGlobal
