
Microsoft Visual Studio Solution File, Format Version 11.00
# Visual C++ Express 2010
Project("{8BC9CEB8-8B4A-11D0-8D11-00A0C91BC942}") = "Squared and Cubic", "Squared and Cubic\Squared and Cubic.vcxproj", "{AD914D8E-3C50-4646-B217-A78B8B4ED034}"
EndProject
Global
	GlobalSection(SolutionConfigurationPlatforms) = preSolution
		Debug|Win32 = Debug|Win32
		Release|Win32 = Release|Win32
	EndGlobalSection
	GlobalSection(ProjectConfigurationPlatforms) = postSolution
		{AD914D8E-3C50-4646-B217-A78B8B4ED034}.Debug|Win32.ActiveCfg = Debug|Win32
		{AD914D8E-3C50-4646-B217-A78B8B4ED034}.Debug|Win32.Build.0 = Debug|Win32
		{AD914D8E-3C50-4646-B217-A78B8B4ED034}.Release|Win32.ActiveCfg = Release|Win32
		{AD914D8E-3C50-4646-B217-A78B8B4ED034}.Release|Win32.Build.0 = Release|Win32
	EndGlobalSection
	GlobalSection(SolutionProperties) = preSolution
		HideSolutionNode = FALSE
	EndGlobalSection
EndGlobal
