
Microsoft Visual Studio Solution File, Format Version 11.00
# Visual C++ Express 2010
Project("{8BC9CEB8-8B4A-11D0-8D11-00A0C91BC942}") = "Fibonacci Array", "Fibonacci Array\Fibonacci Array.vcxproj", "{7F4296AD-E142-4939-A29E-282DE1FE489C}"
EndProject
Global
	GlobalSection(SolutionConfigurationPlatforms) = preSolution
		Debug|Win32 = Debug|Win32
		Release|Win32 = Release|Win32
	EndGlobalSection
	GlobalSection(ProjectConfigurationPlatforms) = postSolution
		{7F4296AD-E142-4939-A29E-282DE1FE489C}.Debug|Win32.ActiveCfg = Debug|Win32
		{7F4296AD-E142-4939-A29E-282DE1FE489C}.Debug|Win32.Build.0 = Debug|Win32
		{7F4296AD-E142-4939-A29E-282DE1FE489C}.Release|Win32.ActiveCfg = Release|Win32
		{7F4296AD-E142-4939-A29E-282DE1FE489C}.Release|Win32.Build.0 = Release|Win32
	EndGlobalSection
	GlobalSection(SolutionProperties) = preSolution
		HideSolutionNode = FALSE
	EndGlobalSection
EndGlobal
