
Microsoft Visual Studio Solution File, Format Version 11.00
# Visual C++ Express 2010
Project("{8BC9CEB8-8B4A-11D0-8D11-00A0C91BC942}") = "Sequence IJ 3", "Sequence IJ 3\Sequence IJ 3.vcxproj", "{79DEE132-1E85-432F-B970-32F4669E1936}"
EndProject
Global
	GlobalSection(SolutionConfigurationPlatforms) = preSolution
		Debug|Win32 = Debug|Win32
		Release|Win32 = Release|Win32
	EndGlobalSection
	GlobalSection(ProjectConfigurationPlatforms) = postSolution
		{79DEE132-1E85-432F-B970-32F4669E1936}.Debug|Win32.ActiveCfg = Debug|Win32
		{79DEE132-1E85-432F-B970-32F4669E1936}.Debug|Win32.Build.0 = Debug|Win32
		{79DEE132-1E85-432F-B970-32F4669E1936}.Release|Win32.ActiveCfg = Release|Win32
		{79DEE132-1E85-432F-B970-32F4669E1936}.Release|Win32.Build.0 = Release|Win32
	EndGlobalSection
	GlobalSection(SolutionProperties) = preSolution
		HideSolutionNode = FALSE
	EndGlobalSection
EndGlobal
