
Microsoft Visual Studio Solution File, Format Version 11.00
# Visual C++ Express 2010
Project("{8BC9CEB8-8B4A-11D0-8D11-00A0C91BC942}") = "Sequence IJ 4", "Sequence IJ 4\Sequence IJ 4.vcxproj", "{E98586B4-E867-4850-94CE-A97600263791}"
EndProject
Global
	GlobalSection(SolutionConfigurationPlatforms) = preSolution
		Debug|Win32 = Debug|Win32
		Release|Win32 = Release|Win32
	EndGlobalSection
	GlobalSection(ProjectConfigurationPlatforms) = postSolution
		{E98586B4-E867-4850-94CE-A97600263791}.Debug|Win32.ActiveCfg = Debug|Win32
		{E98586B4-E867-4850-94CE-A97600263791}.Debug|Win32.Build.0 = Debug|Win32
		{E98586B4-E867-4850-94CE-A97600263791}.Release|Win32.ActiveCfg = Release|Win32
		{E98586B4-E867-4850-94CE-A97600263791}.Release|Win32.Build.0 = Release|Win32
	EndGlobalSection
	GlobalSection(SolutionProperties) = preSolution
		HideSolutionNode = FALSE
	EndGlobalSection
EndGlobal
