
Microsoft Visual Studio Solution File, Format Version 11.00
# Visual C++ Express 2010
Project("{8BC9CEB8-8B4A-11D0-8D11-00A0C91BC942}") = "Sphere", "Sphere\Sphere.vcxproj", "{DE706F88-8EB5-4D28-9F4F-AC2578EC8938}"
EndProject
Global
	GlobalSection(SolutionConfigurationPlatforms) = preSolution
		Debug|Win32 = Debug|Win32
		Release|Win32 = Release|Win32
	EndGlobalSection
	GlobalSection(ProjectConfigurationPlatforms) = postSolution
		{DE706F88-8EB5-4D28-9F4F-AC2578EC8938}.Debug|Win32.ActiveCfg = Debug|Win32
		{DE706F88-8EB5-4D28-9F4F-AC2578EC8938}.Debug|Win32.Build.0 = Debug|Win32
		{DE706F88-8EB5-4D28-9F4F-AC2578EC8938}.Release|Win32.ActiveCfg = Release|Win32
		{DE706F88-8EB5-4D28-9F4F-AC2578EC8938}.Release|Win32.Build.0 = Release|Win32
	EndGlobalSection
	GlobalSection(SolutionProperties) = preSolution
		HideSolutionNode = FALSE
	EndGlobalSection
EndGlobal
